// !$*UTF8*$!
{
	archiveVersion = 1;
	classes = {
	};
	objectVersion = 77;
	objects = {

/* Begin PBXBuildFile section */
		BD47FC442D73A919009B39FB /* Localize_Swift in Frameworks */ = {isa = PBXBuildFile; productRef = BD47FC432D73A919009B39FB /* Localize_Swift */; };
		BD9DEC582D839BCA003006CA /* RxCocoa in Frameworks */ = {isa = PBXBuildFile; productRef = BD9DEC572D839BCA003006CA /* RxCocoa */; };
		BD9DEC5A2D839BCA003006CA /* RxSwift in Frameworks */ = {isa = PBXBuildFile; productRef = BD9DEC592D839BCA003006CA /* RxSwift */; };
/* End PBXBuildFile section */

/* Begin PBXContainerItemProxy section */
		BD389A352D5A8382005E7598 /* PBXContainerItemProxy */ = {
			isa = PBXContainerItemProxy;
			containerPortal = BD389A132D5A8380005E7598 /* Project object */;
			proxyType = 1;
			remoteGlobalIDString = BD389A1A2D5A8380005E7598;
			remoteInfo = DiagnosticDimentionApp;
		};
		BD389A3F2D5A8382005E7598 /* PBXContainerItemProxy */ = {
			isa = PBXContainerItemProxy;
			containerPortal = BD389A132D5A8380005E7598 /* Project object */;
			proxyType = 1;
			remoteGlobalIDString = BD389A1A2D5A8380005E7598;
			remoteInfo = DiagnosticDimentionApp;
		};
/* End PBXContainerItemProxy section */

/* Begin PBXFileReference section */
		BD389A1B2D5A8380005E7598 /* DiagnosticDimentionApp.app */ = {isa = PBXFileReference; explicitFileType = wrapper.application; includeInIndex = 0; path = DiagnosticDimentionApp.app; sourceTree = BUILT_PRODUCTS_DIR; };
		BD389A342D5A8382005E7598 /* DiagnosticDimentionAppTests.xctest */ = {isa = PBXFileReference; explicitFileType = wrapper.cfbundle; includeInIndex = 0; path = DiagnosticDimentionAppTests.xctest; sourceTree = BUILT_PRODUCTS_DIR; };
		BD389A3E2D5A8382005E7598 /* DiagnosticDimentionAppUITests.xctest */ = {isa = PBXFileReference; explicitFileType = wrapper.cfbundle; includeInIndex = 0; path = DiagnosticDimentionAppUITests.xctest; sourceTree = BUILT_PRODUCTS_DIR; };
/* End PBXFileReference section */

/* Begin PBXFileSystemSynchronizedBuildFileExceptionSet section */
		BD88F8762D60633E00D9CB67 /* Exceptions for "DiagnosticDimentionApp" folder in "DiagnosticDimentionApp" target */ = {
			isa = PBXFileSystemSynchronizedBuildFileExceptionSet;
			membershipExceptions = (
				Resources/Info.plist,
			);
			target = BD389A1A2D5A8380005E7598 /* DiagnosticDimentionApp */;
		};
/* End PBXFileSystemSynchronizedBuildFileExceptionSet section */

/* Begin PBXFileSystemSynchronizedRootGroup section */
		BD389A1D2D5A8380005E7598 /* DiagnosticDimentionApp */ = {
			isa = PBXFileSystemSynchronizedRootGroup;
			exceptions = (
				BD88F8762D60633E00D9CB67 /* Exceptions for "DiagnosticDimentionApp" folder in "DiagnosticDimentionApp" target */,
			);
			path = DiagnosticDimentionApp;
			sourceTree = "<group>";
		};
		BD389A372D5A8382005E7598 /* DiagnosticDimentionAppTests */ = {
			isa = PBXFileSystemSynchronizedRootGroup;
			path = DiagnosticDimentionAppTests;
			sourceTree = "<group>";
		};
		BD389A412D5A8382005E7598 /* DiagnosticDimentionAppUITests */ = {
			isa = PBXFileSystemSynchronizedRootGroup;
			path = DiagnosticDimentionAppUITests;
			sourceTree = "<group>";
		};
/* End PBXFileSystemSynchronizedRootGroup section */

/* Begin PBXFrameworksBuildPhase section */
		BD389A182D5A8380005E7598 /* Frameworks */ = {
			isa = PBXFrameworksBuildPhase;
			buildActionMask = 2147483647;
			files = (
				BD9DEC5A2D839BCA003006CA /* RxSwift in Frameworks */,
				BD9DEC582D839BCA003006CA /* RxCocoa in Frameworks */,
				BD47FC442D73A919009B39FB /* Localize_Swift in Frameworks */,
			);
			runOnlyForDeploymentPostprocessing = 0;
		};
		BD389A312D5A8382005E7598 /* Frameworks */ = {
			isa = PBXFrameworksBuildPhase;
			buildActionMask = 2147483647;
			files = (
			);
			runOnlyForDeploymentPostprocessing = 0;
		};
		BD389A3B2D5A8382005E7598 /* Frameworks */ = {
			isa = PBXFrameworksBuildPhase;
			buildActionMask = 2147483647;
			files = (
			);
			runOnlyForDeploymentPostprocessing = 0;
		};
/* End PBXFrameworksBuildPhase section */

/* Begin PBXGroup section */
		BD389A122D5A8380005E7598 = {
			isa = PBXGroup;
			children = (
				BD389A1D2D5A8380005E7598 /* DiagnosticDimentionApp */,
				BD389A372D5A8382005E7598 /* DiagnosticDimentionAppTests */,
				BD389A412D5A8382005E7598 /* DiagnosticDimentionAppUITests */,
				BD389A1C2D5A8380005E7598 /* Products */,
			);
			sourceTree = "<group>";
		};
		BD389A1C2D5A8380005E7598 /* Products */ = {
			isa = PBXGroup;
			children = (
				BD389A1B2D5A8380005E7598 /* DiagnosticDimentionApp.app */,
				BD389A342D5A8382005E7598 /* DiagnosticDimentionAppTests.xctest */,
				BD389A3E2D5A8382005E7598 /* DiagnosticDimentionAppUITests.xctest */,
			);
			name = Products;
			sourceTree = "<group>";
		};
/* End PBXGroup section */

/* Begin PBXNativeTarget section */
		BD389A1A2D5A8380005E7598 /* DiagnosticDimentionApp */ = {
			isa = PBXNativeTarget;
			buildConfigurationList = BD389A472D5A8382005E7598 /* Build configuration list for PBXNativeTarget "DiagnosticDimentionApp" */;
			buildPhases = (
				BD88F7ED2D5F973D00D9CB67 /* SwiftFormat */,
				BD88F7EB2D5F972A00D9CB67 /* SwiftLint */,
				BD389A172D5A8380005E7598 /* Sources */,
				BD389A182D5A8380005E7598 /* Frameworks */,
				BD389A192D5A8380005E7598 /* Resources */,
			);
			buildRules = (
			);
			dependencies = (
			);
			fileSystemSynchronizedGroups = (
				BD389A1D2D5A8380005E7598 /* DiagnosticDimentionApp */,
			);
			name = DiagnosticDimentionApp;
			packageProductDependencies = (
				BD47FC432D73A919009B39FB /* Localize_Swift */,
				BD9DEC572D839BCA003006CA /* RxCocoa */,
				BD9DEC592D839BCA003006CA /* RxSwift */,
			);
			productName = DiagnosticDimentionApp;
			productReference = BD389A1B2D5A8380005E7598 /* DiagnosticDimentionApp.app */;
			productType = "com.apple.product-type.application";
		};
		BD389A332D5A8382005E7598 /* DiagnosticDimentionAppTests */ = {
			isa = PBXNativeTarget;
			buildConfigurationList = BD389A4C2D5A8382005E7598 /* Build configuration list for PBXNativeTarget "DiagnosticDimentionAppTests" */;
			buildPhases = (
				BD389A302D5A8382005E7598 /* Sources */,
				BD389A312D5A8382005E7598 /* Frameworks */,
				BD389A322D5A8382005E7598 /* Resources */,
			);
			buildRules = (
			);
			dependencies = (
				BD389A362D5A8382005E7598 /* PBXTargetDependency */,
			);
			fileSystemSynchronizedGroups = (
				BD389A372D5A8382005E7598 /* DiagnosticDimentionAppTests */,
			);
			name = DiagnosticDimentionAppTests;
			packageProductDependencies = (
			);
			productName = DiagnosticDimentionAppTests;
			productReference = BD389A342D5A8382005E7598 /* DiagnosticDimentionAppTests.xctest */;
			productType = "com.apple.product-type.bundle.unit-test";
		};
		BD389A3D2D5A8382005E7598 /* DiagnosticDimentionAppUITests */ = {
			isa = PBXNativeTarget;
			buildConfigurationList = BD389A4F2D5A8382005E7598 /* Build configuration list for PBXNativeTarget "DiagnosticDimentionAppUITests" */;
			buildPhases = (
				BD389A3A2D5A8382005E7598 /* Sources */,
				BD389A3B2D5A8382005E7598 /* Frameworks */,
				BD389A3C2D5A8382005E7598 /* Resources */,
			);
			buildRules = (
			);
			dependencies = (
				BD389A402D5A8382005E7598 /* PBXTargetDependency */,
			);
			fileSystemSynchronizedGroups = (
				BD389A412D5A8382005E7598 /* DiagnosticDimentionAppUITests */,
			);
			name = DiagnosticDimentionAppUITests;
			packageProductDependencies = (
			);
			productName = DiagnosticDimentionAppUITests;
			productReference = BD389A3E2D5A8382005E7598 /* DiagnosticDimentionAppUITests.xctest */;
			productType = "com.apple.product-type.bundle.ui-testing";
		};
/* End PBXNativeTarget section */

/* Begin PBXProject section */
		BD389A132D5A8380005E7598 /* Project object */ = {
			isa = PBXProject;
			attributes = {
				BuildIndependentTargetsInParallel = 1;
				LastSwiftUpdateCheck = 1620;
				LastUpgradeCheck = 1620;
				TargetAttributes = {
					BD389A1A2D5A8380005E7598 = {
						CreatedOnToolsVersion = 16.2;
					};
					BD389A332D5A8382005E7598 = {
						CreatedOnToolsVersion = 16.2;
						TestTargetID = BD389A1A2D5A8380005E7598;
					};
					BD389A3D2D5A8382005E7598 = {
						CreatedOnToolsVersion = 16.2;
						TestTargetID = BD389A1A2D5A8380005E7598;
					};
				};
			};
			buildConfigurationList = BD389A162D5A8380005E7598 /* Build configuration list for PBXProject "DiagnosticDimentionApp" */;
			developmentRegion = en;
			hasScannedForEncodings = 0;
			knownRegions = (
				en,
				Base,
				ru,
				"kk-KZ",
			);
			mainGroup = BD389A122D5A8380005E7598;
			minimizedProjectReferenceProxies = 1;
			packageReferences = (
				BDF858782D614A1A00369528 /* XCRemoteSwiftPackageReference "SnapKit" */,
				BD47FC422D73A919009B39FB /* XCRemoteSwiftPackageReference "Localize-Swift" */,
				BD9DEC562D839BCA003006CA /* XCRemoteSwiftPackageReference "RxSwift" */,
			);
			preferredProjectObjectVersion = 77;
			productRefGroup = BD389A1C2D5A8380005E7598 /* Products */;
			projectDirPath = "";
			projectRoot = "";
			targets = (
				BD389A1A2D5A8380005E7598 /* DiagnosticDimentionApp */,
				BD389A332D5A8382005E7598 /* DiagnosticDimentionAppTests */,
				BD389A3D2D5A8382005E7598 /* DiagnosticDimentionAppUITests */,
			);
		};
/* End PBXProject section */

/* Begin PBXResourcesBuildPhase section */
		BD389A192D5A8380005E7598 /* Resources */ = {
			isa = PBXResourcesBuildPhase;
			buildActionMask = 2147483647;
			files = (
			);
			runOnlyForDeploymentPostprocessing = 0;
		};
		BD389A322D5A8382005E7598 /* Resources */ = {
			isa = PBXResourcesBuildPhase;
			buildActionMask = 2147483647;
			files = (
			);
			runOnlyForDeploymentPostprocessing = 0;
		};
		BD389A3C2D5A8382005E7598 /* Resources */ = {
			isa = PBXResourcesBuildPhase;
			buildActionMask = 2147483647;
			files = (
			);
			runOnlyForDeploymentPostprocessing = 0;
		};
/* End PBXResourcesBuildPhase section */

/* Begin PBXShellScriptBuildPhase section */
		BD88F7EB2D5F972A00D9CB67 /* SwiftLint */ = {
			isa = PBXShellScriptBuildPhase;
			alwaysOutOfDate = 1;
			buildActionMask = 12;
			files = (
			);
			inputFileListPaths = (
			);
			inputPaths = (
				"$(SRCROOT)/.swiftlint.yml\n",
				"$(SRCROOT)/DiagnosticDimentionApp",
				"$(SRCROOT)/DiagnosticDimentionAppTests",
				"$(SRCROOT)/DiagnosticDimentionAppUITests",
			);
			name = SwiftLint;
			outputFileListPaths = (
			);
			outputPaths = (
			);
			runOnlyForDeploymentPostprocessing = 0;
			shellPath = /bin/sh;
			shellScript = "if [[ \"$(uname -m)\" == arm64 ]]\nthen\n    export PATH=\"/opt/homebrew/bin:$PATH\"\nfi\n\nif command -v swiftlint >/dev/null 2>&1\nthen\n    swiftlint\nelse\n    echo \"warning: `swiftlint` command not found - See https://github.com/realm/SwiftLint#installation for installation instructions.\"\nfi\n";
		};
		BD88F7ED2D5F973D00D9CB67 /* SwiftFormat */ = {
			isa = PBXShellScriptBuildPhase;
			alwaysOutOfDate = 1;
			buildActionMask = 12;
			files = (
			);
			inputFileListPaths = (
			);
			inputPaths = (
				"${SRCROOT}/.swiftformat",
				"$(SRCROOT)/DiagnosticDimentionApp",
				"$(SRCROOT)/DiagnosticDimentionAppTests",
				"$(SRCROOT)/DiagnosticDimentionAppUITests",
			);
			name = SwiftFormat;
			outputFileListPaths = (
			);
			outputPaths = (
			);
			runOnlyForDeploymentPostprocessing = 0;
			shellPath = /bin/sh;
			shellScript = "if [[ \"$(uname -m)\" == arm64 ]]; then\n    export PATH=\"/opt/homebrew/bin:$PATH\"\nfi\n\nif which swiftformat > /dev/null; then\n  swiftformat .\nelse\n  echo \"warning: SwiftFormat not installed, download from https://github.com/nicklockwood/SwiftFormat\"\nfi\n";
		};
/* End PBXShellScriptBuildPhase section */

/* Begin PBXSourcesBuildPhase section */
		BD389A172D5A8380005E7598 /* Sources */ = {
			isa = PBXSourcesBuildPhase;
			buildActionMask = 2147483647;
			files = (
			);
			runOnlyForDeploymentPostprocessing = 0;
		};
		BD389A302D5A8382005E7598 /* Sources */ = {
			isa = PBXSourcesBuildPhase;
			buildActionMask = 2147483647;
			files = (
			);
			runOnlyForDeploymentPostprocessing = 0;
		};
		BD389A3A2D5A8382005E7598 /* Sources */ = {
			isa = PBXSourcesBuildPhase;
			buildActionMask = 2147483647;
			files = (
			);
			runOnlyForDeploymentPostprocessing = 0;
		};
/* End PBXSourcesBuildPhase section */

/* Begin PBXTargetDependency section */
		BD389A362D5A8382005E7598 /* PBXTargetDependency */ = {
			isa = PBXTargetDependency;
			target = BD389A1A2D5A8380005E7598 /* DiagnosticDimentionApp */;
			targetProxy = BD389A352D5A8382005E7598 /* PBXContainerItemProxy */;
		};
		BD389A402D5A8382005E7598 /* PBXTargetDependency */ = {
			isa = PBXTargetDependency;
			target = BD389A1A2D5A8380005E7598 /* DiagnosticDimentionApp */;
			targetProxy = BD389A3F2D5A8382005E7598 /* PBXContainerItemProxy */;
		};
/* End PBXTargetDependency section */

/* Begin XCBuildConfiguration section */
		BD389A482D5A8382005E7598 /* Debug */ = {
			isa = XCBuildConfiguration;
			buildSettings = {
				ASSETCATALOG_COMPILER_APPICON_NAME = AppIcon;
				ASSETCATALOG_COMPILER_GLOBAL_ACCENT_COLOR_NAME = AccentColor;
				CODE_SIGN_STYLE = Automatic;
				CURRENT_PROJECT_VERSION = 1;
				DEVELOPMENT_TEAM = H66FSCCY62;
				GENERATE_INFOPLIST_FILE = YES;
				INFOPLIST_FILE = DiagnosticDimentionApp/Resources/Info.plist;
				INFOPLIST_KEY_CFBundleDisplayName = MindShield;
				INFOPLIST_KEY_NSCameraUsageDescription = "The app needs access to the camera to record video.";
				INFOPLIST_KEY_NSMicrophoneUsageDescription = "The app needs access to a microphone to record audio during a video.";
				INFOPLIST_KEY_UIApplicationSupportsIndirectInputEvents = YES;
				INFOPLIST_KEY_UILaunchStoryboardName = LaunchScreen;
				INFOPLIST_KEY_UISupportedInterfaceOrientations_iPad = "UIInterfaceOrientationPortrait UIInterfaceOrientationPortraitUpsideDown UIInterfaceOrientationLandscapeLeft UIInterfaceOrientationLandscapeRight";
				INFOPLIST_KEY_UISupportedInterfaceOrientations_iPhone = "UIInterfaceOrientationPortrait UIInterfaceOrientationLandscapeLeft UIInterfaceOrientationLandscapeRight";
				LD_RUNPATH_SEARCH_PATHS = (
					"$(inherited)",
					"@executable_path/Frameworks",
				);
				MARKETING_VERSION = 1.0;
				PRODUCT_BUNDLE_IDENTIFIER = kadyrMaratuly.DiagnosticDimentionApp;
				PRODUCT_NAME = "$(TARGET_NAME)";
				SWIFT_EMIT_LOC_STRINGS = YES;
				SWIFT_VERSION = 5.0;
				TARGETED_DEVICE_FAMILY = "1,2";
			};
			name = Debug;
		};
		BD389A492D5A8382005E7598 /* Release */ = {
			isa = XCBuildConfiguration;
			buildSettings = {
				ASSETCATALOG_COMPILER_APPICON_NAME = AppIcon;
				ASSETCATALOG_COMPILER_GLOBAL_ACCENT_COLOR_NAME = AccentColor;
				CODE_SIGN_STYLE = Automatic;
				CURRENT_PROJECT_VERSION = 1;
				DEVELOPMENT_TEAM = H66FSCCY62;
				GENERATE_INFOPLIST_FILE = YES;
				INFOPLIST_FILE = DiagnosticDimentionApp/Resources/Info.plist;
				INFOPLIST_KEY_CFBundleDisplayName = MindShield;
				INFOPLIST_KEY_NSCameraUsageDescription = "The app needs access to the camera to record video.";
				INFOPLIST_KEY_NSMicrophoneUsageDescription = "The app needs access to a microphone to record audio during a video.";
				INFOPLIST_KEY_UIApplicationSupportsIndirectInputEvents = YES;
				INFOPLIST_KEY_UILaunchStoryboardName = LaunchScreen;
				INFOPLIST_KEY_UISupportedInterfaceOrientations_iPad = "UIInterfaceOrientationPortrait UIInterfaceOrientationPortraitUpsideDown UIInterfaceOrientationLandscapeLeft UIInterfaceOrientationLandscapeRight";
				INFOPLIST_KEY_UISupportedInterfaceOrientations_iPhone = "UIInterfaceOrientationPortrait UIInterfaceOrientationLandscapeLeft UIInterfaceOrientationLandscapeRight";
				LD_RUNPATH_SEARCH_PATHS = (
					"$(inherited)",
					"@executable_path/Frameworks",
				);
				MARKETING_VERSION = 1.0;
				PRODUCT_BUNDLE_IDENTIFIER = kadyrMaratuly.DiagnosticDimentionApp;
				PRODUCT_NAME = "$(TARGET_NAME)";
				SWIFT_EMIT_LOC_STRINGS = YES;
				SWIFT_VERSION = 5.0;
				TARGETED_DEVICE_FAMILY = "1,2";
			};
			name = Release;
		};
		BD389A4A2D5A8382005E7598 /* Debug */ = {
			isa = XCBuildConfiguration;
			buildSettings = {
				ALWAYS_SEARCH_USER_PATHS = NO;
				ASSETCATALOG_COMPILER_GENERATE_SWIFT_ASSET_SYMBOL_EXTENSIONS = YES;
				CLANG_ANALYZER_NONNULL = YES;
				CLANG_ANALYZER_NUMBER_OBJECT_CONVERSION = YES_AGGRESSIVE;
				CLANG_CXX_LANGUAGE_STANDARD = "gnu++20";
				CLANG_ENABLE_MODULES = YES;
				CLANG_ENABLE_OBJC_ARC = YES;
				CLANG_ENABLE_OBJC_WEAK = YES;
				CLANG_WARN_BLOCK_CAPTURE_AUTORELEASING = YES;
				CLANG_WARN_BOOL_CONVERSION = YES;
				CLANG_WARN_COMMA = YES;
				CLANG_WARN_CONSTANT_CONVERSION = YES;
				CLANG_WARN_DEPRECATED_OBJC_IMPLEMENTATIONS = YES;
				CLANG_WARN_DIRECT_OBJC_ISA_USAGE = YES_ERROR;
				CLANG_WARN_DOCUMENTATION_COMMENTS = YES;
				CLANG_WARN_EMPTY_BODY = YES;
				CLANG_WARN_ENUM_CONVERSION = YES;
				CLANG_WARN_INFINITE_RECURSION = YES;
				CLANG_WARN_INT_CONVERSION = YES;
				CLANG_WARN_NON_LITERAL_NULL_CONVERSION = YES;
				CLANG_WARN_OBJC_IMPLICIT_RETAIN_SELF = YES;
				CLANG_WARN_OBJC_LITERAL_CONVERSION = YES;
				CLANG_WARN_OBJC_ROOT_CLASS = YES_ERROR;
				CLANG_WARN_QUOTED_INCLUDE_IN_FRAMEWORK_HEADER = YES;
				CLANG_WARN_RANGE_LOOP_ANALYSIS = YES;
				CLANG_WARN_STRICT_PROTOTYPES = YES;
				CLANG_WARN_SUSPICIOUS_MOVE = YES;
				CLANG_WARN_UNGUARDED_AVAILABILITY = YES_AGGRESSIVE;
				CLANG_WARN_UNREACHABLE_CODE = YES;
				CLANG_WARN__DUPLICATE_METHOD_MATCH = YES;
				COPY_PHASE_STRIP = NO;
				DEBUG_INFORMATION_FORMAT = dwarf;
				ENABLE_STRICT_OBJC_MSGSEND = YES;
				ENABLE_TESTABILITY = YES;
				ENABLE_USER_SCRIPT_SANDBOXING = NO;
				GCC_C_LANGUAGE_STANDARD = gnu17;
				GCC_DYNAMIC_NO_PIC = NO;
				GCC_NO_COMMON_BLOCKS = YES;
				GCC_OPTIMIZATION_LEVEL = 0;
				GCC_PREPROCESSOR_DEFINITIONS = (
					"DEBUG=1",
					"$(inherited)",
				);
				GCC_WARN_64_TO_32_BIT_CONVERSION = YES;
				GCC_WARN_ABOUT_RETURN_TYPE = YES_ERROR;
				GCC_WARN_UNDECLARED_SELECTOR = YES;
				GCC_WARN_UNINITIALIZED_AUTOS = YES_AGGRESSIVE;
				GCC_WARN_UNUSED_FUNCTION = YES;
				GCC_WARN_UNUSED_VARIABLE = YES;
				IPHONEOS_DEPLOYMENT_TARGET = 15.6;
				LOCALIZATION_PREFERS_STRING_CATALOGS = YES;
				MTL_ENABLE_DEBUG_INFO = INCLUDE_SOURCE;
				MTL_FAST_MATH = YES;
				ONLY_ACTIVE_ARCH = YES;
				SDKROOT = iphoneos;
				SWIFT_ACTIVE_COMPILATION_CONDITIONS = "DEBUG $(inherited)";
				SWIFT_EMIT_LOC_STRINGS = YES;
				SWIFT_OPTIMIZATION_LEVEL = "-Onone";
			};
			name = Debug;
		};
		BD389A4B2D5A8382005E7598 /* Release */ = {
			isa = XCBuildConfiguration;
			buildSettings = {
				ALWAYS_SEARCH_USER_PATHS = NO;
				ASSETCATALOG_COMPILER_GENERATE_SWIFT_ASSET_SYMBOL_EXTENSIONS = YES;
				CLANG_ANALYZER_NONNULL = YES;
				CLANG_ANALYZER_NUMBER_OBJECT_CONVERSION = YES_AGGRESSIVE;
				CLANG_CXX_LANGUAGE_STANDARD = "gnu++20";
				CLANG_ENABLE_MODULES = YES;
				CLANG_ENABLE_OBJC_ARC = YES;
				CLANG_ENABLE_OBJC_WEAK = YES;
				CLANG_WARN_BLOCK_CAPTURE_AUTORELEASING = YES;
				CLANG_WARN_BOOL_CONVERSION = YES;
				CLANG_WARN_COMMA = YES;
				CLANG_WARN_CONSTANT_CONVERSION = YES;
				CLANG_WARN_DEPRECATED_OBJC_IMPLEMENTATIONS = YES;
				CLANG_WARN_DIRECT_OBJC_ISA_USAGE = YES_ERROR;
				CLANG_WARN_DOCUMENTATION_COMMENTS = YES;
				CLANG_WARN_EMPTY_BODY = YES;
				CLANG_WARN_ENUM_CONVERSION = YES;
				CLANG_WARN_INFINITE_RECURSION = YES;
				CLANG_WARN_INT_CONVERSION = YES;
				CLANG_WARN_NON_LITERAL_NULL_CONVERSION = YES;
				CLANG_WARN_OBJC_IMPLICIT_RETAIN_SELF = YES;
				CLANG_WARN_OBJC_LITERAL_CONVERSION = YES;
				CLANG_WARN_OBJC_ROOT_CLASS = YES_ERROR;
				CLANG_WARN_QUOTED_INCLUDE_IN_FRAMEWORK_HEADER = YES;
				CLANG_WARN_RANGE_LOOP_ANALYSIS = YES;
				CLANG_WARN_STRICT_PROTOTYPES = YES;
				CLANG_WARN_SUSPICIOUS_MOVE = YES;
				CLANG_WARN_UNGUARDED_AVAILABILITY = YES_AGGRESSIVE;
				CLANG_WARN_UNREACHABLE_CODE = YES;
				CLANG_WARN__DUPLICATE_METHOD_MATCH = YES;
				COPY_PHASE_STRIP = NO;
				DEBUG_INFORMATION_FORMAT = "dwarf-with-dsym";
				ENABLE_NS_ASSERTIONS = NO;
				ENABLE_STRICT_OBJC_MSGSEND = YES;
				ENABLE_USER_SCRIPT_SANDBOXING = NO;
				GCC_C_LANGUAGE_STANDARD = gnu17;
				GCC_NO_COMMON_BLOCKS = YES;
				GCC_WARN_64_TO_32_BIT_CONVERSION = YES;
				GCC_WARN_ABOUT_RETURN_TYPE = YES_ERROR;
				GCC_WARN_UNDECLARED_SELECTOR = YES;
				GCC_WARN_UNINITIALIZED_AUTOS = YES_AGGRESSIVE;
				GCC_WARN_UNUSED_FUNCTION = YES;
				GCC_WARN_UNUSED_VARIABLE = YES;
				IPHONEOS_DEPLOYMENT_TARGET = 15.6;
				LOCALIZATION_PREFERS_STRING_CATALOGS = YES;
				MTL_ENABLE_DEBUG_INFO = NO;
				MTL_FAST_MATH = YES;
				SDKROOT = iphoneos;
				SWIFT_COMPILATION_MODE = wholemodule;
				SWIFT_EMIT_LOC_STRINGS = YES;
				VALIDATE_PRODUCT = YES;
			};
			name = Release;
		};
		BD389A4D2D5A8382005E7598 /* Debug */ = {
			isa = XCBuildConfiguration;
			buildSettings = {
				BUNDLE_LOADER = "$(TEST_HOST)";
				CODE_SIGN_STYLE = Automatic;
				CURRENT_PROJECT_VERSION = 1;
				GENERATE_INFOPLIST_FILE = YES;
				IPHONEOS_DEPLOYMENT_TARGET = 18.2;
				MARKETING_VERSION = 1.0;
				PRODUCT_BUNDLE_IDENTIFIER = kadyrMaratuly.DiagnosticDimentionAppTests;
				PRODUCT_NAME = "$(TARGET_NAME)";
				SWIFT_EMIT_LOC_STRINGS = NO;
				SWIFT_VERSION = 5.0;
				TARGETED_DEVICE_FAMILY = "1,2";
				TEST_HOST = "$(BUILT_PRODUCTS_DIR)/DiagnosticDimentionApp.app/$(BUNDLE_EXECUTABLE_FOLDER_PATH)/DiagnosticDimentionApp";
			};
			name = Debug;
		};
		BD389A4E2D5A8382005E7598 /* Release */ = {
			isa = XCBuildConfiguration;
			buildSettings = {
				BUNDLE_LOADER = "$(TEST_HOST)";
				CODE_SIGN_STYLE = Automatic;
				CURRENT_PROJECT_VERSION = 1;
				GENERATE_INFOPLIST_FILE = YES;
				IPHONEOS_DEPLOYMENT_TARGET = 18.2;
				MARKETING_VERSION = 1.0;
				PRODUCT_BUNDLE_IDENTIFIER = kadyrMaratuly.DiagnosticDimentionAppTests;
				PRODUCT_NAME = "$(TARGET_NAME)";
				SWIFT_EMIT_LOC_STRINGS = NO;
				SWIFT_VERSION = 5.0;
				TARGETED_DEVICE_FAMILY = "1,2";
				TEST_HOST = "$(BUILT_PRODUCTS_DIR)/DiagnosticDimentionApp.app/$(BUNDLE_EXECUTABLE_FOLDER_PATH)/DiagnosticDimentionApp";
			};
			name = Release;
		};
		BD389A502D5A8382005E7598 /* Debug */ = {
			isa = XCBuildConfiguration;
			buildSettings = {
				CODE_SIGN_STYLE = Automatic;
				CURRENT_PROJECT_VERSION = 1;
				GENERATE_INFOPLIST_FILE = YES;
				MARKETING_VERSION = 1.0;
				PRODUCT_BUNDLE_IDENTIFIER = kadyrMaratuly.DiagnosticDimentionAppUITests;
				PRODUCT_NAME = "$(TARGET_NAME)";
				SWIFT_EMIT_LOC_STRINGS = NO;
				SWIFT_VERSION = 5.0;
				TARGETED_DEVICE_FAMILY = "1,2";
				TEST_TARGET_NAME = DiagnosticDimentionApp;
			};
			name = Debug;
		};
		BD389A512D5A8382005E7598 /* Release */ = {
			isa = XCBuildConfiguration;
			buildSettings = {
				CODE_SIGN_STYLE = Automatic;
				CURRENT_PROJECT_VERSION = 1;
				GENERATE_INFOPLIST_FILE = YES;
				MARKETING_VERSION = 1.0;
				PRODUCT_BUNDLE_IDENTIFIER = kadyrMaratuly.DiagnosticDimentionAppUITests;
				PRODUCT_NAME = "$(TARGET_NAME)";
				SWIFT_EMIT_LOC_STRINGS = NO;
				SWIFT_VERSION = 5.0;
				TARGETED_DEVICE_FAMILY = "1,2";
				TEST_TARGET_NAME = DiagnosticDimentionApp;
			};
			name = Release;
		};
/* End XCBuildConfiguration section */

/* Begin XCConfigurationList section */
		BD389A162D5A8380005E7598 /* Build configuration list for PBXProject "DiagnosticDimentionApp" */ = {
			isa = XCConfigurationList;
			buildConfigurations = (
				BD389A4A2D5A8382005E7598 /* Debug */,
				BD389A4B2D5A8382005E7598 /* Release */,
			);
			defaultConfigurationIsVisible = 0;
			defaultConfigurationName = Release;
		};
		BD389A472D5A8382005E7598 /* Build configuration list for PBXNativeTarget "DiagnosticDimentionApp" */ = {
			isa = XCConfigurationList;
			buildConfigurations = (
				BD389A482D5A8382005E7598 /* Debug */,
				BD389A492D5A8382005E7598 /* Release */,
			);
			defaultConfigurationIsVisible = 0;
			defaultConfigurationName = Release;
		};
		BD389A4C2D5A8382005E7598 /* Build configuration list for PBXNativeTarget "DiagnosticDimentionAppTests" */ = {
			isa = XCConfigurationList;
			buildConfigurations = (
				BD389A4D2D5A8382005E7598 /* Debug */,
				BD389A4E2D5A8382005E7598 /* Release */,
			);
			defaultConfigurationIsVisible = 0;
			defaultConfigurationName = Release;
		};
		BD389A4F2D5A8382005E7598 /* Build configuration list for PBXNativeTarget "DiagnosticDimentionAppUITests" */ = {
			isa = XCConfigurationList;
			buildConfigurations = (
				BD389A502D5A8382005E7598 /* Debug */,
				BD389A512D5A8382005E7598 /* Release */,
			);
			defaultConfigurationIsVisible = 0;
			defaultConfigurationName = Release;
		};
/* End XCConfigurationList section */

/* Begin XCRemoteSwiftPackageReference section */
		BD47FC422D73A919009B39FB /* XCRemoteSwiftPackageReference "Localize-Swift" */ = {
			isa = XCRemoteSwiftPackageReference;
			repositoryURL = "https://github.com/marmelroy/Localize-Swift.git";
			requirement = {
				kind = upToNextMajorVersion;
				minimumVersion = 3.2.0;
			};
		};
		BD9DEC562D839BCA003006CA /* XCRemoteSwiftPackageReference "RxSwift" */ = {
			isa = XCRemoteSwiftPackageReference;
			repositoryURL = "https://github.com/ReactiveX/RxSwift.git";
			requirement = {
				kind = upToNextMajorVersion;
				minimumVersion = 6.9.0;
			};
		};
		BDF858782D614A1A00369528 /* XCRemoteSwiftPackageReference "SnapKit" */ = {
			isa = XCRemoteSwiftPackageReference;
			repositoryURL = "https://github.com/SnapKit/SnapKit.git";
			requirement = {
				kind = upToNextMajorVersion;
				minimumVersion = 5.7.1;
			};
		};
/* End XCRemoteSwiftPackageReference section */

/* Begin XCSwiftPackageProductDependency section */
		BD47FC432D73A919009B39FB /* Localize_Swift */ = {
			isa = XCSwiftPackageProductDependency;
			package = BD47FC422D73A919009B39FB /* XCRemoteSwiftPackageReference "Localize-Swift" */;
			productName = Localize_Swift;
		};
		BD9DEC572D839BCA003006CA /* RxCocoa */ = {
			isa = XCSwiftPackageProductDependency;
			package = BD9DEC562D839BCA003006CA /* XCRemoteSwiftPackageReference "RxSwift" */;
			productName = RxCocoa;
		};
		BD9DEC592D839BCA003006CA /* RxSwift */ = {
			isa = XCSwiftPackageProductDependency;
			package = BD9DEC562D839BCA003006CA /* XCRemoteSwiftPackageReference "RxSwift" */;
			productName = RxSwift;
		};
/* End XCSwiftPackageProductDependency section */
	};
	rootObject = BD389A132D5A8380005E7598 /* Project object */;
}
