{
  "originHash" : "89beb33ad5170d52f5434e9f98a6bb494f4602114b23eabe6486d5473fc419a2",
  "pins" : [
    {
      "identity" : "localize-swift",
      "kind" : "remoteSourceControl",
      "location" : "https://github.com/marmelroy/Localize-Swift.git",
      "state" : {
        "revision" : "0aa221fed0512772eaad04171d966b8d77b15212",
        "version" : "3.2.0"
      }
    },
    {
      "identity" : "rxswift",
      "kind" : "remoteSourceControl",
      "location" : "https://github.com/ReactiveX/RxSwift.git",
      "state" : {
        "revision" : "5dd1907d64f0d36f158f61a466bab75067224893",
        "version" : "6.9.0"
      }
    },
    {
      "identity" : "snapkit",
      "kind" : "remoteSourceControl",
      "location" : "https://github.com/SnapKit/SnapKit.git",
      "state" : {
        "revision" : "2842e6e84e82eb9a8dac0100ca90d9444b0307f4",
        "version" : "5.7.1"
      }
    }
  ],
  "version" : 3
}
